{
  "name": "NeuralBreakOut",
  "version": "1.0.0",
  "lockfileVersion": 1,
  "requires": true,
  "dependencies": {
    "craters.js": {
      "version": "1.2.2",
      "resolved": "https://registry.npmjs.org/craters.js/-/craters.js-1.2.2.tgz",
      "integrity": "sha512-EVDXQXUuZvwsTuruLgWIsyy+f/mPEBPeMom0kiJpujjNHk48z4HPj26X3QahXWjFeK7j5PNgsq7llLp1nU/cIQ=="
    }
  }
}
